PODS:
  - Alamofire (4.3.0)
  - MBProgressHUD (1.0.0)
  - SnapKit (3.1.2)

DEPENDENCIES:
  - Alamofire (~> 4.3)
  - MBProgressHUD
  - SnapKit (~> 3.1.2)

SPEC CHECKSUMS:
  Alamofire: 856a113053a7bc9cbe5d6367a555d773fc5cfef7
  MBProgressHUD: 4890f671c94e8a0f3cf959aa731e9de2f036d71a
  SnapKit: 12b24f569cb7c143acc9c22b9d91b23e7b1c84a2

PODFILE CHECKSUM: d82addc52f08fe768fd6a53e17f87a4a930bcd76

COCOAPODS: 1.1.1
